
Microsoft Visual Studio Solution File, Format Version 12.00
# Visual Studio 15
VisualStudioVersion = 15.0.26430.16
MinimumVisualStudioVersion = 10.0.40219.1
Project("{FAE04EC0-301F-11D3-BF4B-00C04F79EFBC}") = "AutomationsManager.Core", "AutomationsManager.Core\AutomationsManager.Core.csproj", "{1D5F8A14-D88E-4EAC-B615-4F97456948FF}"
EndProject
Project("{FAE04EC0-301F-11D3-BF4B-00C04F79EFBC}") = "AutomationsManager.Presentation", "AutomationsManager.Presentation\AutomationsManager.Presentation.csproj", "{D614FD55-8B3F-4CC9-BFA6-EB9249771188}"
EndProject
Global
	GlobalSection(SolutionConfigurationPlatforms) = preSolution
		Debug|Any CPU = Debug|Any CPU
		Release|Any CPU = Release|Any CPU
	EndGlobalSection
	GlobalSection(ProjectConfigurationPlatforms) = postSolution
		{1D5F8A14-D88E-4EAC-B615-4F97456948FF}.Debug|Any CPU.ActiveCfg = Debug|Any CPU
		{1D5F8A14-D88E-4EAC-B615-4F97456948FF}.Debug|Any CPU.Build.0 = Debug|Any CPU
		{1D5F8A14-D88E-4EAC-B615-4F97456948FF}.Release|Any CPU.ActiveCfg = Release|Any CPU
		{1D5F8A14-D88E-4EAC-B615-4F97456948FF}.Release|Any CPU.Build.0 = Release|Any CPU
		{D614FD55-8B3F-4CC9-BFA6-EB9249771188}.Debug|Any CPU.ActiveCfg = Debug|Any CPU
		{D614FD55-8B3F-4CC9-BFA6-EB9249771188}.Debug|Any CPU.Build.0 = Debug|Any CPU
		{D614FD55-8B3F-4CC9-BFA6-EB9249771188}.Release|Any CPU.ActiveCfg = Release|Any CPU
		{D614FD55-8B3F-4CC9-BFA6-EB9249771188}.Release|Any CPU.Build.0 = Release|Any CPU
	EndGlobalSection
	GlobalSection(SolutionProperties) = preSolution
		HideSolutionNode = FALSE
	EndGlobalSection
EndGlobal
